
Microsoft Visual Studio Solution File, Format Version 12.00
# Visual Studio Version 17
VisualStudioVersion = 17.1.32228.430
MinimumVisualStudioVersion = 10.0.40219.1
Project("{FAE04EC0-301F-11D3-BF4B-00C04F79EFBC}") = "API.IdentityServer", "API.IdentityServer\API.IdentityServer.csproj", "{16915129-B9EE-402F-B4CD-403EC2B30FB4}"
EndProject
Global
	GlobalSection(SolutionConfigurationPlatforms) = preSolution
		Debug|Any CPU = Debug|Any CPU
		Release|Any CPU = Release|Any CPU
	EndGlobalSection
	GlobalSection(ProjectConfigurationPlatforms) = postSolution
		{16915129-B9EE-402F-B4CD-403EC2B30FB4}.Debug|Any CPU.ActiveCfg = Debug|Any CPU
		{16915129-B9EE-402F-B4CD-403EC2B30FB4}.Debug|Any CPU.Build.0 = Debug|Any CPU
		{16915129-B9EE-402F-B4CD-403EC2B30FB4}.Release|Any CPU.ActiveCfg = Release|Any CPU
		{16915129-B9EE-402F-B4CD-403EC2B30FB4}.Release|Any CPU.Build.0 = Release|Any CPU
	EndGlobalSection
	GlobalSection(SolutionProperties) = preSolution
		HideSolutionNode = FALSE
	EndGlobalSection
	GlobalSection(ExtensibilityGlobals) = postSolution
		SolutionGuid = {9F4A7235-B7BB-4A9D-8727-5233D0B24246}
	EndGlobalSection
EndGlobal
